
Microsoft Visual Studio Solution File, Format Version 12.00
# Visual Studio 15
VisualStudioVersion = 15.0.28307.539
MinimumVisualStudioVersion = 10.0.40219.1
Project("{9A19103F-16F7-4668-BE54-9A1E7A4F7556}") = "coffeeserv", "coffeeserv.csproj", "{2DF8E077-7AE7-44E2-8BFE-1F95CA258AEA}"
EndProject
Global
	GlobalSection(SolutionConfigurationPlatforms) = preSolution
		Debug|Any CPU = Debug|Any CPU
		Release|Any CPU = Release|Any CPU
	EndGlobalSection
	GlobalSection(ProjectConfigurationPlatforms) = postSolution
		{2DF8E077-7AE7-44E2-8BFE-1F95CA258AEA}.Debug|Any CPU.ActiveCfg = Debug|Any CPU
		{2DF8E077-7AE7-44E2-8BFE-1F95CA258AEA}.Debug|Any CPU.Build.0 = Debug|Any CPU
		{2DF8E077-7AE7-44E2-8BFE-1F95CA258AEA}.Release|Any CPU.ActiveCfg = Release|Any CPU
		{2DF8E077-7AE7-44E2-8BFE-1F95CA258AEA}.Release|Any CPU.Build.0 = Release|Any CPU
	EndGlobalSection
	GlobalSection(SolutionProperties) = preSolution
		HideSolutionNode = FALSE
	EndGlobalSection
	GlobalSection(ExtensibilityGlobals) = postSolution
		SolutionGuid = {271507C2-6388-4A66-8391-9CBCFC24E5AD}
	EndGlobalSection
EndGlobal
